
Microsoft Visual Studio Solution File, Format Version 11.00
# Visual Studio 2010
Project("{FAE04EC0-301F-11D3-BF4B-00C04F79EFBC}") = "Mono.Terminal", "Mono.Terminal\Mono.Terminal.csproj", "{80BE055C-768D-4AC5-8737-427E84895C3F}"
EndProject
Project("{FAE04EC0-301F-11D3-BF4B-00C04F79EFBC}") = "Test", "Test\Test.csproj", "{654316BA-8985-468C-B2D4-ECE4F437A138}"
EndProject
Global
	GlobalSection(SolutionConfigurationPlatforms) = preSolution
		Debug|Any CPU = Debug|Any CPU
		Release|Any CPU = Release|Any CPU
	EndGlobalSection
	GlobalSection(ProjectConfigurationPlatforms) = postSolution
		{654316BA-8985-468C-B2D4-ECE4F437A138}.Debug|Any CPU.ActiveCfg = Debug|Any CPU
		{654316BA-8985-468C-B2D4-ECE4F437A138}.Debug|Any CPU.Build.0 = Debug|Any CPU
		{654316BA-8985-468C-B2D4-ECE4F437A138}.Release|Any CPU.ActiveCfg = Release|Any CPU
		{654316BA-8985-468C-B2D4-ECE4F437A138}.Release|Any CPU.Build.0 = Release|Any CPU
		{80BE055C-768D-4AC5-8737-427E84895C3F}.Debug|Any CPU.ActiveCfg = Debug|Any CPU
		{80BE055C-768D-4AC5-8737-427E84895C3F}.Debug|Any CPU.Build.0 = Debug|Any CPU
		{80BE055C-768D-4AC5-8737-427E84895C3F}.Release|Any CPU.ActiveCfg = Release|Any CPU
		{80BE055C-768D-4AC5-8737-427E84895C3F}.Release|Any CPU.Build.0 = Release|Any CPU
	EndGlobalSection
	GlobalSection(MonoDevelopProperties) = preSolution
		StartupItem = Test\Test.csproj
		Policies = $0
		$0.TextStylePolicy = $1
		$1.FileWidth = 120
		$1.TabWidth = 4
		$1.RemoveTrailingWhitespace = True
		$1.inheritsSet = Mono
		$1.inheritsScope = text/plain
		$1.scope = text/plain
		$0.StandardHeader = $2
		$2.Text = 
		$2.IncludeInNewFiles = True
	EndGlobalSection
EndGlobal
